
Microsoft Visual Studio Solution File, Format Version 12.00
# Visual Studio Version 16
VisualStudioVersion = 16.0.808.5
MinimumVisualStudioVersion = 10.0.40219.1
Project("{FAE04EC0-301F-11D3-BF4B-00C04F79EFBC}") = "BlazorWithRedisBackPlane", "BlazorWithRedisBackPlane\BlazorWithRedisBackPlane.csproj", "{72ECB0D2-CDC1-4637-954E-B777492736AB}"
EndProject
Global
	GlobalSection(SolutionConfigurationPlatforms) = preSolution
		Debug|Any CPU = Debug|Any CPU
		Release|Any CPU = Release|Any CPU
	EndGlobalSection
	GlobalSection(ProjectConfigurationPlatforms) = postSolution
		{72ECB0D2-CDC1-4637-954E-B777492736AB}.Debug|Any CPU.ActiveCfg = Debug|Any CPU
		{72ECB0D2-CDC1-4637-954E-B777492736AB}.Debug|Any CPU.Build.0 = Debug|Any CPU
		{72ECB0D2-CDC1-4637-954E-B777492736AB}.Release|Any CPU.ActiveCfg = Release|Any CPU
		{72ECB0D2-CDC1-4637-954E-B777492736AB}.Release|Any CPU.Build.0 = Release|Any CPU
	EndGlobalSection
	GlobalSection(SolutionProperties) = preSolution
		HideSolutionNode = FALSE
	EndGlobalSection
	GlobalSection(ExtensibilityGlobals) = postSolution
		SolutionGuid = {77B1DE78-99E9-4F69-A65C-B6AB6F7F21ED}
	EndGlobalSection
EndGlobal
